
Microsoft Visual Studio Solution File, Format Version 12.00
# Visual Studio 14
VisualStudioVersion = 14.0.25123.0
MinimumVisualStudioVersion = 10.0.40219.1
Project("{FAE04EC0-301F-11D3-BF4B-00C04F79EFBC}") = "Xamarin.Forms.Platform.PerspexDesktop", "Xamarin.Forms.Platform.PerspexDesktop\Xamarin.Forms.Platform.PerspexDesktop.csproj", "{5D79DC0B-29B2-442A-A9DE-FA7CFA5DA887}"
EndProject
Project("{FAE04EC0-301F-11D3-BF4B-00C04F79EFBC}") = "XamarinFormsPerspexDesktopDemo", "XamarinFormsPerspexDesktopDemo\XamarinFormsPerspexDesktopDemo.csproj", "{7408C37F-1318-4639-B67F-5067EA0F8A68}"
EndProject
Project("{FAE04EC0-301F-11D3-BF4B-00C04F79EFBC}") = "XamarinFormsApp", "XamarinFormsApp\XamarinFormsApp.csproj", "{67F9D3A8-F71E-4428-913F-C37AE82CDB24}"
EndProject
Project("{2150E333-8FDC-42A3-9474-1A3956D46DE8}") = "Xamarin.Forms", "Xamarin.Forms", "{591930F0-539B-4E62-85E8-1A88D29CCC9E}"
EndProject
Project("{2150E333-8FDC-42A3-9474-1A3956D46DE8}") = "Perspex", "Perspex", "{7B508485-E25E-490C-B961-9F8C4E7ED386}"
EndProject
Project("{FAE04EC0-301F-11D3-BF4B-00C04F79EFBC}") = "Perspex.Direct2D1", "..\Perspex\src\Windows\Perspex.Direct2D1\Perspex.Direct2D1.csproj", "{3E908F67-5543-4879-A1DC-08EACE79B3CD}"
EndProject
Project("{FAE04EC0-301F-11D3-BF4B-00C04F79EFBC}") = "Perspex.Base", "..\Perspex\src\Perspex.Base\Perspex.Base.csproj", "{B09B78D8-9B26-48B0-9149-D64A2F120F3F}"
EndProject
Project("{FAE04EC0-301F-11D3-BF4B-00C04F79EFBC}") = "Perspex.Animation", "..\Perspex\src\Perspex.Animation\Perspex.Animation.csproj", "{D211E587-D8BC-45B9-95A4-F297C8FA5200}"
EndProject
Project("{FAE04EC0-301F-11D3-BF4B-00C04F79EFBC}") = "Perspex.Controls", "..\Perspex\src\Perspex.Controls\Perspex.Controls.csproj", "{D2221C82-4A25-4583-9B43-D791E3F6820C}"
EndProject
Project("{FAE04EC0-301F-11D3-BF4B-00C04F79EFBC}") = "Perspex.Input", "..\Perspex\src\Perspex.Input\Perspex.Input.csproj", "{62024B2D-53EB-4638-B26B-85EEAA54866E}"
EndProject
Project("{FAE04EC0-301F-11D3-BF4B-00C04F79EFBC}") = "Perspex.Interactivity", "..\Perspex\src\Perspex.Interactivity\Perspex.Interactivity.csproj", "{6B0ED19D-A08B-461C-A9D9-A9EE40B0C06B}"
EndProject
Project("{FAE04EC0-301F-11D3-BF4B-00C04F79EFBC}") = "Perspex.Layout", "..\Perspex\src\Perspex.Layout\Perspex.Layout.csproj", "{42472427-4774-4C81-8AFF-9F27B8E31721}"
EndProject
Project("{FAE04EC0-301F-11D3-BF4B-00C04F79EFBC}") = "Perspex.SceneGraph", "..\Perspex\src\Perspex.SceneGraph\Perspex.SceneGraph.csproj", "{EB582467-6ABB-43A1-B052-E981BA910E3A}"
EndProject
Project("{FAE04EC0-301F-11D3-BF4B-00C04F79EFBC}") = "Perspex.Styling", "..\Perspex\src\Perspex.Styling\Perspex.Styling.csproj", "{F1BAA01A-F176-4C6A-B39D-5B40BB1B148F}"
EndProject
Project("{2150E333-8FDC-42A3-9474-1A3956D46DE8}") = "Windows", "Windows", "{CD59F12F-DE56-4EA8-93A7-22FA07FDAD5E}"
EndProject
Project("{FAE04EC0-301F-11D3-BF4B-00C04F79EFBC}") = "Perspex.Win32", "..\Perspex\src\Windows\Perspex.Win32\Perspex.Win32.csproj", "{811A76CF-1CF6-440F-963B-BBE31BD72A82}"
EndProject
Project("{FAE04EC0-301F-11D3-BF4B-00C04F79EFBC}") = "Perspex.Designer", "..\Perspex\src\Windows\Perspex.Designer\Perspex.Designer.csproj", "{EC42600F-049B-43FF-AED1-8314D61B2749}"
EndProject
Project("{FAE04EC0-301F-11D3-BF4B-00C04F79EFBC}") = "Perspex.Diagnostics", "..\Perspex\src\Perspex.Diagnostics\Perspex.Diagnostics.csproj", "{7062AE20-5DCC-4442-9645-8195BDECE63E}"
EndProject
Project("{2150E333-8FDC-42A3-9474-1A3956D46DE8}") = "Markup", "Markup", "{DC86BBF9-1B5C-4099-918D-DC592F94FD44}"
EndProject
Project("{FAE04EC0-301F-11D3-BF4B-00C04F79EFBC}") = "Perspex.Markup", "..\Perspex\src\Markup\Perspex.Markup\Perspex.Markup.csproj", "{6417E941-21BC-467B-A771-0DE389353CE6}"
EndProject
Project("{FAE04EC0-301F-11D3-BF4B-00C04F79EFBC}") = "Perspex.Markup.Xaml", "..\Perspex\src\Markup\Perspex.Markup.Xaml\Perspex.Markup.Xaml.csproj", "{3E53A01A-B331-47F3-B828-4A5717E77A24}"
EndProject
Project("{FAE04EC0-301F-11D3-BF4B-00C04F79EFBC}") = "Perspex.ReactiveUI", "..\Perspex\src\Perspex.ReactiveUI\Perspex.ReactiveUI.csproj", "{6417B24E-49C2-4985-8DB2-3AB9D898EC91}"
EndProject
Project("{FAE04EC0-301F-11D3-BF4B-00C04F79EFBC}") = "Perspex.Themes.Default", "..\Perspex\src\Perspex.Themes.Default\Perspex.Themes.Default.csproj", "{3E10A5FA-E8DA-48B1-AD44-6A5B6CB7750F}"
EndProject
Project("{FAE04EC0-301F-11D3-BF4B-00C04F79EFBC}") = "Perspex.HtmlRenderer", "..\Perspex\src\Perspex.HtmlRenderer\Perspex.HtmlRenderer.csproj", "{5FB2B005-0A7F-4DAD-ADD4-3ED01444E63D}"
EndProject
Project("{FAE04EC0-301F-11D3-BF4B-00C04F79EFBC}") = "Xamarin.Forms.Core", "..\Xamarin.Forms\Xamarin.Forms.Core\Xamarin.Forms.Core.csproj", "{57B8B73D-C3B5-4C42-869E-7B2F17D354AC}"
EndProject
Project("{FAE04EC0-301F-11D3-BF4B-00C04F79EFBC}") = "Xamarin.Forms.Platform", "..\Xamarin.Forms\Xamarin.Forms.Platform\Xamarin.Forms.Platform.csproj", "{B05126E4-E09D-47FB-8CD0-C2A7D5A6D72D}"
EndProject
Project("{FAE04EC0-301F-11D3-BF4B-00C04F79EFBC}") = "Xamarin.Forms.Xaml", "..\Xamarin.Forms\Xamarin.Forms.Xaml\Xamarin.Forms.Xaml.csproj", "{9DB2F292-8034-4E06-89AD-98BBDA4306B9}"
EndProject
Project("{FAE04EC0-301F-11D3-BF4B-00C04F79EFBC}") = "Perspex.Logging.Serilog", "..\Perspex\src\Perspex.Logging.Serilog\Perspex.Logging.Serilog.csproj", "{B61B66A3-B82D-4875-8001-89D3394FE0C9}"
EndProject
Project("{2150E333-8FDC-42A3-9474-1A3956D46DE8}") = "Prism", "Prism", "{4A0F9058-56F4-4FC3-9441-CF1BB35F418B}"
EndProject
Project("{FAE04EC0-301F-11D3-BF4B-00C04F79EFBC}") = "Prism.Forms", "..\Prism\Source\Xamarin\Prism.Forms\Prism.Forms.csproj", "{F6E08495-1F4D-4497-BB2D-4A0A78FF49CB}"
EndProject
Project("{FAE04EC0-301F-11D3-BF4B-00C04F79EFBC}") = "Prism", "..\Prism\Source\Prism\Prism.csproj", "{E6C50355-D01E-4CAA-884D-D7929861315C}"
EndProject
Project("{FAE04EC0-301F-11D3-BF4B-00C04F79EFBC}") = "Prism.Unity.Forms", "..\Prism\Source\Xamarin\Prism.Unity.Forms\Prism.Unity.Forms.csproj", "{79EBB8F1-5D80-4EA1-9100-EBDC1EC51CB7}"
EndProject
Global
	GlobalSection(SharedMSBuildProjectFiles) = preSolution
		..\Perspex\src\Shared\PlatformSupport\PlatformSupport.projitems*{811a76cf-1cf6-440f-963b-bbe31bd72a82}*SharedItemsImports = 4
		..\Perspex\src\Shared\RenderHelpers\RenderHelpers.projitems*{3e908f67-5543-4879-a1dc-08eace79b3cd}*SharedItemsImports = 4
	EndGlobalSection
	GlobalSection(SolutionConfigurationPlatforms) = preSolution
		Debug|Any CPU = Debug|Any CPU
		Release|Any CPU = Release|Any CPU
		Release-Signed|Any CPU = Release-Signed|Any CPU
		Turkey|Any CPU = Turkey|Any CPU
	EndGlobalSection
	GlobalSection(ProjectConfigurationPlatforms) = postSolution
		{5D79DC0B-29B2-442A-A9DE-FA7CFA5DA887}.Debug|Any CPU.ActiveCfg = Debug|Any CPU
		{5D79DC0B-29B2-442A-A9DE-FA7CFA5DA887}.Debug|Any CPU.Build.0 = Debug|Any CPU
		{5D79DC0B-29B2-442A-A9DE-FA7CFA5DA887}.Release|Any CPU.ActiveCfg = Release|Any CPU
		{5D79DC0B-29B2-442A-A9DE-FA7CFA5DA887}.Release|Any CPU.Build.0 = Release|Any CPU
		{5D79DC0B-29B2-442A-A9DE-FA7CFA5DA887}.Release-Signed|Any CPU.ActiveCfg = Release|Any CPU
		{5D79DC0B-29B2-442A-A9DE-FA7CFA5DA887}.Release-Signed|Any CPU.Build.0 = Release|Any CPU
		{5D79DC0B-29B2-442A-A9DE-FA7CFA5DA887}.Turkey|Any CPU.ActiveCfg = Release|Any CPU
		{5D79DC0B-29B2-442A-A9DE-FA7CFA5DA887}.Turkey|Any CPU.Build.0 = Release|Any CPU
		{7408C37F-1318-4639-B67F-5067EA0F8A68}.Debug|Any CPU.ActiveCfg = Debug|Any CPU
		{7408C37F-1318-4639-B67F-5067EA0F8A68}.Debug|Any CPU.Build.0 = Debug|Any CPU
		{7408C37F-1318-4639-B67F-5067EA0F8A68}.Release|Any CPU.ActiveCfg = Release|Any CPU
		{7408C37F-1318-4639-B67F-5067EA0F8A68}.Release|Any CPU.Build.0 = Release|Any CPU
		{7408C37F-1318-4639-B67F-5067EA0F8A68}.Release-Signed|Any CPU.ActiveCfg = Release|Any CPU
		{7408C37F-1318-4639-B67F-5067EA0F8A68}.Release-Signed|Any CPU.Build.0 = Release|Any CPU
		{7408C37F-1318-4639-B67F-5067EA0F8A68}.Turkey|Any CPU.ActiveCfg = Release|Any CPU
		{7408C37F-1318-4639-B67F-5067EA0F8A68}.Turkey|Any CPU.Build.0 = Release|Any CPU
		{67F9D3A8-F71E-4428-913F-C37AE82CDB24}.Debug|Any CPU.ActiveCfg = Debug|Any CPU
		{67F9D3A8-F71E-4428-913F-C37AE82CDB24}.Debug|Any CPU.Build.0 = Debug|Any CPU
		{67F9D3A8-F71E-4428-913F-C37AE82CDB24}.Release|Any CPU.ActiveCfg = Release|Any CPU
		{67F9D3A8-F71E-4428-913F-C37AE82CDB24}.Release|Any CPU.Build.0 = Release|Any CPU
		{67F9D3A8-F71E-4428-913F-C37AE82CDB24}.Release-Signed|Any CPU.ActiveCfg = Release|Any CPU
		{67F9D3A8-F71E-4428-913F-C37AE82CDB24}.Release-Signed|Any CPU.Build.0 = Release|Any CPU
		{67F9D3A8-F71E-4428-913F-C37AE82CDB24}.Turkey|Any CPU.ActiveCfg = Release|Any CPU
		{67F9D3A8-F71E-4428-913F-C37AE82CDB24}.Turkey|Any CPU.Build.0 = Release|Any CPU
		{3E908F67-5543-4879-A1DC-08EACE79B3CD}.Debug|Any CPU.ActiveCfg = Debug|Any CPU
		{3E908F67-5543-4879-A1DC-08EACE79B3CD}.Debug|Any CPU.Build.0 = Debug|Any CPU
		{3E908F67-5543-4879-A1DC-08EACE79B3CD}.Release|Any CPU.ActiveCfg = Release|Any CPU
		{3E908F67-5543-4879-A1DC-08EACE79B3CD}.Release|Any CPU.Build.0 = Release|Any CPU
		{3E908F67-5543-4879-A1DC-08EACE79B3CD}.Release-Signed|Any CPU.ActiveCfg = Release|Any CPU
		{3E908F67-5543-4879-A1DC-08EACE79B3CD}.Release-Signed|Any CPU.Build.0 = Release|Any CPU
		{3E908F67-5543-4879-A1DC-08EACE79B3CD}.Turkey|Any CPU.ActiveCfg = Release|Any CPU
		{3E908F67-5543-4879-A1DC-08EACE79B3CD}.Turkey|Any CPU.Build.0 = Release|Any CPU
		{B09B78D8-9B26-48B0-9149-D64A2F120F3F}.Debug|Any CPU.ActiveCfg = Debug|Any CPU
		{B09B78D8-9B26-48B0-9149-D64A2F120F3F}.Debug|Any CPU.Build.0 = Debug|Any CPU
		{B09B78D8-9B26-48B0-9149-D64A2F120F3F}.Release|Any CPU.ActiveCfg = Release|Any CPU
		{B09B78D8-9B26-48B0-9149-D64A2F120F3F}.Release|Any CPU.Build.0 = Release|Any CPU
		{B09B78D8-9B26-48B0-9149-D64A2F120F3F}.Release-Signed|Any CPU.ActiveCfg = Release|Any CPU
		{B09B78D8-9B26-48B0-9149-D64A2F120F3F}.Release-Signed|Any CPU.Build.0 = Release|Any CPU
		{B09B78D8-9B26-48B0-9149-D64A2F120F3F}.Turkey|Any CPU.ActiveCfg = Release|Any CPU
		{B09B78D8-9B26-48B0-9149-D64A2F120F3F}.Turkey|Any CPU.Build.0 = Release|Any CPU
		{D211E587-D8BC-45B9-95A4-F297C8FA5200}.Debug|Any CPU.ActiveCfg = Debug|Any CPU
		{D211E587-D8BC-45B9-95A4-F297C8FA5200}.Debug|Any CPU.Build.0 = Debug|Any CPU
		{D211E587-D8BC-45B9-95A4-F297C8FA5200}.Release|Any CPU.ActiveCfg = Release|Any CPU
		{D211E587-D8BC-45B9-95A4-F297C8FA5200}.Release|Any CPU.Build.0 = Release|Any CPU
		{D211E587-D8BC-45B9-95A4-F297C8FA5200}.Release-Signed|Any CPU.ActiveCfg = Release|Any CPU
		{D211E587-D8BC-45B9-95A4-F297C8FA5200}.Release-Signed|Any CPU.Build.0 = Release|Any CPU
		{D211E587-D8BC-45B9-95A4-F297C8FA5200}.Turkey|Any CPU.ActiveCfg = Release|Any CPU
		{D211E587-D8BC-45B9-95A4-F297C8FA5200}.Turkey|Any CPU.Build.0 = Release|Any CPU
		{D2221C82-4A25-4583-9B43-D791E3F6820C}.Debug|Any CPU.ActiveCfg = Debug|Any CPU
		{D2221C82-4A25-4583-9B43-D791E3F6820C}.Debug|Any CPU.Build.0 = Debug|Any CPU
		{D2221C82-4A25-4583-9B43-D791E3F6820C}.Release|Any CPU.ActiveCfg = Release|Any CPU
		{D2221C82-4A25-4583-9B43-D791E3F6820C}.Release|Any CPU.Build.0 = Release|Any CPU
		{D2221C82-4A25-4583-9B43-D791E3F6820C}.Release-Signed|Any CPU.ActiveCfg = Release|Any CPU
		{D2221C82-4A25-4583-9B43-D791E3F6820C}.Release-Signed|Any CPU.Build.0 = Release|Any CPU
		{D2221C82-4A25-4583-9B43-D791E3F6820C}.Turkey|Any CPU.ActiveCfg = Release|Any CPU
		{D2221C82-4A25-4583-9B43-D791E3F6820C}.Turkey|Any CPU.Build.0 = Release|Any CPU
		{62024B2D-53EB-4638-B26B-85EEAA54866E}.Debug|Any CPU.ActiveCfg = Debug|Any CPU
		{62024B2D-53EB-4638-B26B-85EEAA54866E}.Debug|Any CPU.Build.0 = Debug|Any CPU
		{62024B2D-53EB-4638-B26B-85EEAA54866E}.Release|Any CPU.ActiveCfg = Release|Any CPU
		{62024B2D-53EB-4638-B26B-85EEAA54866E}.Release|Any CPU.Build.0 = Release|Any CPU
		{62024B2D-53EB-4638-B26B-85EEAA54866E}.Release-Signed|Any CPU.ActiveCfg = Release|Any CPU
		{62024B2D-53EB-4638-B26B-85EEAA54866E}.Release-Signed|Any CPU.Build.0 = Release|Any CPU
		{62024B2D-53EB-4638-B26B-85EEAA54866E}.Turkey|Any CPU.ActiveCfg = Release|Any CPU
		{62024B2D-53EB-4638-B26B-85EEAA54866E}.Turkey|Any CPU.Build.0 = Release|Any CPU
		{6B0ED19D-A08B-461C-A9D9-A9EE40B0C06B}.Debug|Any CPU.ActiveCfg = Debug|Any CPU
		{6B0ED19D-A08B-461C-A9D9-A9EE40B0C06B}.Debug|Any CPU.Build.0 = Debug|Any CPU
		{6B0ED19D-A08B-461C-A9D9-A9EE40B0C06B}.Release|Any CPU.ActiveCfg = Release|Any CPU
		{6B0ED19D-A08B-461C-A9D9-A9EE40B0C06B}.Release|Any CPU.Build.0 = Release|Any CPU
		{6B0ED19D-A08B-461C-A9D9-A9EE40B0C06B}.Release-Signed|Any CPU.ActiveCfg = Release|Any CPU
		{6B0ED19D-A08B-461C-A9D9-A9EE40B0C06B}.Release-Signed|Any CPU.Build.0 = Release|Any CPU
		{6B0ED19D-A08B-461C-A9D9-A9EE40B0C06B}.Turkey|Any CPU.ActiveCfg = Release|Any CPU
		{6B0ED19D-A08B-461C-A9D9-A9EE40B0C06B}.Turkey|Any CPU.Build.0 = Release|Any CPU
		{42472427-4774-4C81-8AFF-9F27B8E31721}.Debug|Any CPU.ActiveCfg = Debug|Any CPU
		{42472427-4774-4C81-8AFF-9F27B8E31721}.Debug|Any CPU.Build.0 = Debug|Any CPU
		{42472427-4774-4C81-8AFF-9F27B8E31721}.Release|Any CPU.ActiveCfg = Release|Any CPU
		{42472427-4774-4C81-8AFF-9F27B8E31721}.Release|Any CPU.Build.0 = Release|Any CPU
		{42472427-4774-4C81-8AFF-9F27B8E31721}.Release-Signed|Any CPU.ActiveCfg = Release|Any CPU
		{42472427-4774-4C81-8AFF-9F27B8E31721}.Release-Signed|Any CPU.Build.0 = Release|Any CPU
		{42472427-4774-4C81-8AFF-9F27B8E31721}.Turkey|Any CPU.ActiveCfg = Release|Any CPU
		{42472427-4774-4C81-8AFF-9F27B8E31721}.Turkey|Any CPU.Build.0 = Release|Any CPU
		{EB582467-6ABB-43A1-B052-E981BA910E3A}.Debug|Any CPU.ActiveCfg = Debug|Any CPU
		{EB582467-6ABB-43A1-B052-E981BA910E3A}.Debug|Any CPU.Build.0 = Debug|Any CPU
		{EB582467-6ABB-43A1-B052-E981BA910E3A}.Release|Any CPU.ActiveCfg = Release|Any CPU
		{EB582467-6ABB-43A1-B052-E981BA910E3A}.Release|Any CPU.Build.0 = Release|Any CPU
		{EB582467-6ABB-43A1-B052-E981BA910E3A}.Release-Signed|Any CPU.ActiveCfg = Release|Any CPU
		{EB582467-6ABB-43A1-B052-E981BA910E3A}.Release-Signed|Any CPU.Build.0 = Release|Any CPU
		{EB582467-6ABB-43A1-B052-E981BA910E3A}.Turkey|Any CPU.ActiveCfg = Release|Any CPU
		{EB582467-6ABB-43A1-B052-E981BA910E3A}.Turkey|Any CPU.Build.0 = Release|Any CPU
		{F1BAA01A-F176-4C6A-B39D-5B40BB1B148F}.Debug|Any CPU.ActiveCfg = Debug|Any CPU
		{F1BAA01A-F176-4C6A-B39D-5B40BB1B148F}.Debug|Any CPU.Build.0 = Debug|Any CPU
		{F1BAA01A-F176-4C6A-B39D-5B40BB1B148F}.Release|Any CPU.ActiveCfg = Release|Any CPU
		{F1BAA01A-F176-4C6A-B39D-5B40BB1B148F}.Release|Any CPU.Build.0 = Release|Any CPU
		{F1BAA01A-F176-4C6A-B39D-5B40BB1B148F}.Release-Signed|Any CPU.ActiveCfg = Release|Any CPU
		{F1BAA01A-F176-4C6A-B39D-5B40BB1B148F}.Release-Signed|Any CPU.Build.0 = Release|Any CPU
		{F1BAA01A-F176-4C6A-B39D-5B40BB1B148F}.Turkey|Any CPU.ActiveCfg = Release|Any CPU
		{F1BAA01A-F176-4C6A-B39D-5B40BB1B148F}.Turkey|Any CPU.Build.0 = Release|Any CPU
		{811A76CF-1CF6-440F-963B-BBE31BD72A82}.Debug|Any CPU.ActiveCfg = Debug|Any CPU
		{811A76CF-1CF6-440F-963B-BBE31BD72A82}.Debug|Any CPU.Build.0 = Debug|Any CPU
		{811A76CF-1CF6-440F-963B-BBE31BD72A82}.Release|Any CPU.ActiveCfg = Release|Any CPU
		{811A76CF-1CF6-440F-963B-BBE31BD72A82}.Release|Any CPU.Build.0 = Release|Any CPU
		{811A76CF-1CF6-440F-963B-BBE31BD72A82}.Release-Signed|Any CPU.ActiveCfg = Release|Any CPU
		{811A76CF-1CF6-440F-963B-BBE31BD72A82}.Release-Signed|Any CPU.Build.0 = Release|Any CPU
		{811A76CF-1CF6-440F-963B-BBE31BD72A82}.Turkey|Any CPU.ActiveCfg = Release|Any CPU
		{811A76CF-1CF6-440F-963B-BBE31BD72A82}.Turkey|Any CPU.Build.0 = Release|Any CPU
		{EC42600F-049B-43FF-AED1-8314D61B2749}.Debug|Any CPU.ActiveCfg = Debug|Any CPU
		{EC42600F-049B-43FF-AED1-8314D61B2749}.Debug|Any CPU.Build.0 = Debug|Any CPU
		{EC42600F-049B-43FF-AED1-8314D61B2749}.Release|Any CPU.ActiveCfg = Release|Any CPU
		{EC42600F-049B-43FF-AED1-8314D61B2749}.Release|Any CPU.Build.0 = Release|Any CPU
		{EC42600F-049B-43FF-AED1-8314D61B2749}.Release-Signed|Any CPU.ActiveCfg = Release|Any CPU
		{EC42600F-049B-43FF-AED1-8314D61B2749}.Release-Signed|Any CPU.Build.0 = Release|Any CPU
		{EC42600F-049B-43FF-AED1-8314D61B2749}.Turkey|Any CPU.ActiveCfg = Release|Any CPU
		{EC42600F-049B-43FF-AED1-8314D61B2749}.Turkey|Any CPU.Build.0 = Release|Any CPU
		{7062AE20-5DCC-4442-9645-8195BDECE63E}.Debug|Any CPU.ActiveCfg = Debug|Any CPU
		{7062AE20-5DCC-4442-9645-8195BDECE63E}.Debug|Any CPU.Build.0 = Debug|Any CPU
		{7062AE20-5DCC-4442-9645-8195BDECE63E}.Release|Any CPU.ActiveCfg = Release|Any CPU
		{7062AE20-5DCC-4442-9645-8195BDECE63E}.Release|Any CPU.Build.0 = Release|Any CPU
		{7062AE20-5DCC-4442-9645-8195BDECE63E}.Release-Signed|Any CPU.ActiveCfg = Release|Any CPU
		{7062AE20-5DCC-4442-9645-8195BDECE63E}.Release-Signed|Any CPU.Build.0 = Release|Any CPU
		{7062AE20-5DCC-4442-9645-8195BDECE63E}.Turkey|Any CPU.ActiveCfg = Release|Any CPU
		{7062AE20-5DCC-4442-9645-8195BDECE63E}.Turkey|Any CPU.Build.0 = Release|Any CPU
		{6417E941-21BC-467B-A771-0DE389353CE6}.Debug|Any CPU.ActiveCfg = Debug|Any CPU
		{6417E941-21BC-467B-A771-0DE389353CE6}.Debug|Any CPU.Build.0 = Debug|Any CPU
		{6417E941-21BC-467B-A771-0DE389353CE6}.Release|Any CPU.ActiveCfg = Release|Any CPU
		{6417E941-21BC-467B-A771-0DE389353CE6}.Release|Any CPU.Build.0 = Release|Any CPU
		{6417E941-21BC-467B-A771-0DE389353CE6}.Release-Signed|Any CPU.ActiveCfg = Release|Any CPU
		{6417E941-21BC-467B-A771-0DE389353CE6}.Release-Signed|Any CPU.Build.0 = Release|Any CPU
		{6417E941-21BC-467B-A771-0DE389353CE6}.Turkey|Any CPU.ActiveCfg = Release|Any CPU
		{6417E941-21BC-467B-A771-0DE389353CE6}.Turkey|Any CPU.Build.0 = Release|Any CPU
		{3E53A01A-B331-47F3-B828-4A5717E77A24}.Debug|Any CPU.ActiveCfg = Debug|Any CPU
		{3E53A01A-B331-47F3-B828-4A5717E77A24}.Debug|Any CPU.Build.0 = Debug|Any CPU
		{3E53A01A-B331-47F3-B828-4A5717E77A24}.Release|Any CPU.ActiveCfg = Release|Any CPU
		{3E53A01A-B331-47F3-B828-4A5717E77A24}.Release|Any CPU.Build.0 = Release|Any CPU
		{3E53A01A-B331-47F3-B828-4A5717E77A24}.Release-Signed|Any CPU.ActiveCfg = Release|Any CPU
		{3E53A01A-B331-47F3-B828-4A5717E77A24}.Release-Signed|Any CPU.Build.0 = Release|Any CPU
		{3E53A01A-B331-47F3-B828-4A5717E77A24}.Turkey|Any CPU.ActiveCfg = Release|Any CPU
		{3E53A01A-B331-47F3-B828-4A5717E77A24}.Turkey|Any CPU.Build.0 = Release|Any CPU
		{6417B24E-49C2-4985-8DB2-3AB9D898EC91}.Debug|Any CPU.ActiveCfg = Debug|Any CPU
		{6417B24E-49C2-4985-8DB2-3AB9D898EC91}.Debug|Any CPU.Build.0 = Debug|Any CPU
		{6417B24E-49C2-4985-8DB2-3AB9D898EC91}.Release|Any CPU.ActiveCfg = Release|Any CPU
		{6417B24E-49C2-4985-8DB2-3AB9D898EC91}.Release|Any CPU.Build.0 = Release|Any CPU
		{6417B24E-49C2-4985-8DB2-3AB9D898EC91}.Release-Signed|Any CPU.ActiveCfg = Release|Any CPU
		{6417B24E-49C2-4985-8DB2-3AB9D898EC91}.Release-Signed|Any CPU.Build.0 = Release|Any CPU
		{6417B24E-49C2-4985-8DB2-3AB9D898EC91}.Turkey|Any CPU.ActiveCfg = Release|Any CPU
		{6417B24E-49C2-4985-8DB2-3AB9D898EC91}.Turkey|Any CPU.Build.0 = Release|Any CPU
		{3E10A5FA-E8DA-48B1-AD44-6A5B6CB7750F}.Debug|Any CPU.ActiveCfg = Debug|Any CPU
		{3E10A5FA-E8DA-48B1-AD44-6A5B6CB7750F}.Debug|Any CPU.Build.0 = Debug|Any CPU
		{3E10A5FA-E8DA-48B1-AD44-6A5B6CB7750F}.Release|Any CPU.ActiveCfg = Release|Any CPU
		{3E10A5FA-E8DA-48B1-AD44-6A5B6CB7750F}.Release|Any CPU.Build.0 = Release|Any CPU
		{3E10A5FA-E8DA-48B1-AD44-6A5B6CB7750F}.Release-Signed|Any CPU.ActiveCfg = Release|Any CPU
		{3E10A5FA-E8DA-48B1-AD44-6A5B6CB7750F}.Release-Signed|Any CPU.Build.0 = Release|Any CPU
		{3E10A5FA-E8DA-48B1-AD44-6A5B6CB7750F}.Turkey|Any CPU.ActiveCfg = Release|Any CPU
		{3E10A5FA-E8DA-48B1-AD44-6A5B6CB7750F}.Turkey|Any CPU.Build.0 = Release|Any CPU
		{5FB2B005-0A7F-4DAD-ADD4-3ED01444E63D}.Debug|Any CPU.ActiveCfg = Debug|Any CPU
		{5FB2B005-0A7F-4DAD-ADD4-3ED01444E63D}.Debug|Any CPU.Build.0 = Debug|Any CPU
		{5FB2B005-0A7F-4DAD-ADD4-3ED01444E63D}.Release|Any CPU.ActiveCfg = Release|Any CPU
		{5FB2B005-0A7F-4DAD-ADD4-3ED01444E63D}.Release|Any CPU.Build.0 = Release|Any CPU
		{5FB2B005-0A7F-4DAD-ADD4-3ED01444E63D}.Release-Signed|Any CPU.ActiveCfg = Release|Any CPU
		{5FB2B005-0A7F-4DAD-ADD4-3ED01444E63D}.Release-Signed|Any CPU.Build.0 = Release|Any CPU
		{5FB2B005-0A7F-4DAD-ADD4-3ED01444E63D}.Turkey|Any CPU.ActiveCfg = Release|Any CPU
		{5FB2B005-0A7F-4DAD-ADD4-3ED01444E63D}.Turkey|Any CPU.Build.0 = Release|Any CPU
		{57B8B73D-C3B5-4C42-869E-7B2F17D354AC}.Debug|Any CPU.ActiveCfg = Debug|Any CPU
		{57B8B73D-C3B5-4C42-869E-7B2F17D354AC}.Debug|Any CPU.Build.0 = Debug|Any CPU
		{57B8B73D-C3B5-4C42-869E-7B2F17D354AC}.Release|Any CPU.ActiveCfg = Release|Any CPU
		{57B8B73D-C3B5-4C42-869E-7B2F17D354AC}.Release|Any CPU.Build.0 = Release|Any CPU
		{57B8B73D-C3B5-4C42-869E-7B2F17D354AC}.Release-Signed|Any CPU.ActiveCfg = Release|Any CPU
		{57B8B73D-C3B5-4C42-869E-7B2F17D354AC}.Release-Signed|Any CPU.Build.0 = Release|Any CPU
		{57B8B73D-C3B5-4C42-869E-7B2F17D354AC}.Turkey|Any CPU.ActiveCfg = Turkey|Any CPU
		{57B8B73D-C3B5-4C42-869E-7B2F17D354AC}.Turkey|Any CPU.Build.0 = Turkey|Any CPU
		{B05126E4-E09D-47FB-8CD0-C2A7D5A6D72D}.Debug|Any CPU.ActiveCfg = Debug|Any CPU
		{B05126E4-E09D-47FB-8CD0-C2A7D5A6D72D}.Debug|Any CPU.Build.0 = Debug|Any CPU
		{B05126E4-E09D-47FB-8CD0-C2A7D5A6D72D}.Release|Any CPU.ActiveCfg = Release|Any CPU
		{B05126E4-E09D-47FB-8CD0-C2A7D5A6D72D}.Release|Any CPU.Build.0 = Release|Any CPU
		{B05126E4-E09D-47FB-8CD0-C2A7D5A6D72D}.Release-Signed|Any CPU.ActiveCfg = Release|Any CPU
		{B05126E4-E09D-47FB-8CD0-C2A7D5A6D72D}.Release-Signed|Any CPU.Build.0 = Release|Any CPU
		{B05126E4-E09D-47FB-8CD0-C2A7D5A6D72D}.Turkey|Any CPU.ActiveCfg = Release|Any CPU
		{B05126E4-E09D-47FB-8CD0-C2A7D5A6D72D}.Turkey|Any CPU.Build.0 = Release|Any CPU
		{9DB2F292-8034-4E06-89AD-98BBDA4306B9}.Debug|Any CPU.ActiveCfg = Debug|Any CPU
		{9DB2F292-8034-4E06-89AD-98BBDA4306B9}.Debug|Any CPU.Build.0 = Debug|Any CPU
		{9DB2F292-8034-4E06-89AD-98BBDA4306B9}.Release|Any CPU.ActiveCfg = Release|Any CPU
		{9DB2F292-8034-4E06-89AD-98BBDA4306B9}.Release|Any CPU.Build.0 = Release|Any CPU
		{9DB2F292-8034-4E06-89AD-98BBDA4306B9}.Release-Signed|Any CPU.ActiveCfg = Release|Any CPU
		{9DB2F292-8034-4E06-89AD-98BBDA4306B9}.Release-Signed|Any CPU.Build.0 = Release|Any CPU
		{9DB2F292-8034-4E06-89AD-98BBDA4306B9}.Turkey|Any CPU.ActiveCfg = Turkey|Any CPU
		{9DB2F292-8034-4E06-89AD-98BBDA4306B9}.Turkey|Any CPU.Build.0 = Turkey|Any CPU
		{B61B66A3-B82D-4875-8001-89D3394FE0C9}.Debug|Any CPU.ActiveCfg = Debug|Any CPU
		{B61B66A3-B82D-4875-8001-89D3394FE0C9}.Debug|Any CPU.Build.0 = Debug|Any CPU
		{B61B66A3-B82D-4875-8001-89D3394FE0C9}.Release|Any CPU.ActiveCfg = Release|Any CPU
		{B61B66A3-B82D-4875-8001-89D3394FE0C9}.Release|Any CPU.Build.0 = Release|Any CPU
		{B61B66A3-B82D-4875-8001-89D3394FE0C9}.Release-Signed|Any CPU.ActiveCfg = Release|Any CPU
		{B61B66A3-B82D-4875-8001-89D3394FE0C9}.Release-Signed|Any CPU.Build.0 = Release|Any CPU
		{B61B66A3-B82D-4875-8001-89D3394FE0C9}.Turkey|Any CPU.ActiveCfg = Release|Any CPU
		{B61B66A3-B82D-4875-8001-89D3394FE0C9}.Turkey|Any CPU.Build.0 = Release|Any CPU
		{F6E08495-1F4D-4497-BB2D-4A0A78FF49CB}.Debug|Any CPU.ActiveCfg = Debug|Any CPU
		{F6E08495-1F4D-4497-BB2D-4A0A78FF49CB}.Debug|Any CPU.Build.0 = Debug|Any CPU
		{F6E08495-1F4D-4497-BB2D-4A0A78FF49CB}.Release|Any CPU.ActiveCfg = Release|Any CPU
		{F6E08495-1F4D-4497-BB2D-4A0A78FF49CB}.Release|Any CPU.Build.0 = Release|Any CPU
		{F6E08495-1F4D-4497-BB2D-4A0A78FF49CB}.Release-Signed|Any CPU.ActiveCfg = Release-Signed|Any CPU
		{F6E08495-1F4D-4497-BB2D-4A0A78FF49CB}.Release-Signed|Any CPU.Build.0 = Release-Signed|Any CPU
		{F6E08495-1F4D-4497-BB2D-4A0A78FF49CB}.Turkey|Any CPU.ActiveCfg = Release-Signed|Any CPU
		{F6E08495-1F4D-4497-BB2D-4A0A78FF49CB}.Turkey|Any CPU.Build.0 = Release-Signed|Any CPU
		{E6C50355-D01E-4CAA-884D-D7929861315C}.Debug|Any CPU.ActiveCfg = Debug|Any CPU
		{E6C50355-D01E-4CAA-884D-D7929861315C}.Debug|Any CPU.Build.0 = Debug|Any CPU
		{E6C50355-D01E-4CAA-884D-D7929861315C}.Release|Any CPU.ActiveCfg = Release|Any CPU
		{E6C50355-D01E-4CAA-884D-D7929861315C}.Release|Any CPU.Build.0 = Release|Any CPU
		{E6C50355-D01E-4CAA-884D-D7929861315C}.Release-Signed|Any CPU.ActiveCfg = Release-Signed|Any CPU
		{E6C50355-D01E-4CAA-884D-D7929861315C}.Release-Signed|Any CPU.Build.0 = Release-Signed|Any CPU
		{E6C50355-D01E-4CAA-884D-D7929861315C}.Turkey|Any CPU.ActiveCfg = Release-Signed|Any CPU
		{E6C50355-D01E-4CAA-884D-D7929861315C}.Turkey|Any CPU.Build.0 = Release-Signed|Any CPU
		{79EBB8F1-5D80-4EA1-9100-EBDC1EC51CB7}.Debug|Any CPU.ActiveCfg = Debug|Any CPU
		{79EBB8F1-5D80-4EA1-9100-EBDC1EC51CB7}.Debug|Any CPU.Build.0 = Debug|Any CPU
		{79EBB8F1-5D80-4EA1-9100-EBDC1EC51CB7}.Release|Any CPU.ActiveCfg = Release|Any CPU
		{79EBB8F1-5D80-4EA1-9100-EBDC1EC51CB7}.Release|Any CPU.Build.0 = Release|Any CPU
		{79EBB8F1-5D80-4EA1-9100-EBDC1EC51CB7}.Release-Signed|Any CPU.ActiveCfg = Release-Signed|Any CPU
		{79EBB8F1-5D80-4EA1-9100-EBDC1EC51CB7}.Release-Signed|Any CPU.Build.0 = Release-Signed|Any CPU
		{79EBB8F1-5D80-4EA1-9100-EBDC1EC51CB7}.Turkey|Any CPU.ActiveCfg = Release-Signed|Any CPU
		{79EBB8F1-5D80-4EA1-9100-EBDC1EC51CB7}.Turkey|Any CPU.Build.0 = Release-Signed|Any CPU
	EndGlobalSection
	GlobalSection(SolutionProperties) = preSolution
		HideSolutionNode = FALSE
	EndGlobalSection
	GlobalSection(NestedProjects) = preSolution
		{3E908F67-5543-4879-A1DC-08EACE79B3CD} = {CD59F12F-DE56-4EA8-93A7-22FA07FDAD5E}
		{B09B78D8-9B26-48B0-9149-D64A2F120F3F} = {7B508485-E25E-490C-B961-9F8C4E7ED386}
		{D211E587-D8BC-45B9-95A4-F297C8FA5200} = {7B508485-E25E-490C-B961-9F8C4E7ED386}
		{D2221C82-4A25-4583-9B43-D791E3F6820C} = {7B508485-E25E-490C-B961-9F8C4E7ED386}
		{62024B2D-53EB-4638-B26B-85EEAA54866E} = {7B508485-E25E-490C-B961-9F8C4E7ED386}
		{6B0ED19D-A08B-461C-A9D9-A9EE40B0C06B} = {7B508485-E25E-490C-B961-9F8C4E7ED386}
		{42472427-4774-4C81-8AFF-9F27B8E31721} = {7B508485-E25E-490C-B961-9F8C4E7ED386}
		{EB582467-6ABB-43A1-B052-E981BA910E3A} = {7B508485-E25E-490C-B961-9F8C4E7ED386}
		{F1BAA01A-F176-4C6A-B39D-5B40BB1B148F} = {7B508485-E25E-490C-B961-9F8C4E7ED386}
		{CD59F12F-DE56-4EA8-93A7-22FA07FDAD5E} = {7B508485-E25E-490C-B961-9F8C4E7ED386}
		{811A76CF-1CF6-440F-963B-BBE31BD72A82} = {CD59F12F-DE56-4EA8-93A7-22FA07FDAD5E}
		{EC42600F-049B-43FF-AED1-8314D61B2749} = {CD59F12F-DE56-4EA8-93A7-22FA07FDAD5E}
		{7062AE20-5DCC-4442-9645-8195BDECE63E} = {7B508485-E25E-490C-B961-9F8C4E7ED386}
		{DC86BBF9-1B5C-4099-918D-DC592F94FD44} = {7B508485-E25E-490C-B961-9F8C4E7ED386}
		{6417E941-21BC-467B-A771-0DE389353CE6} = {DC86BBF9-1B5C-4099-918D-DC592F94FD44}
		{3E53A01A-B331-47F3-B828-4A5717E77A24} = {DC86BBF9-1B5C-4099-918D-DC592F94FD44}
		{6417B24E-49C2-4985-8DB2-3AB9D898EC91} = {7B508485-E25E-490C-B961-9F8C4E7ED386}
		{3E10A5FA-E8DA-48B1-AD44-6A5B6CB7750F} = {7B508485-E25E-490C-B961-9F8C4E7ED386}
		{5FB2B005-0A7F-4DAD-ADD4-3ED01444E63D} = {7B508485-E25E-490C-B961-9F8C4E7ED386}
		{57B8B73D-C3B5-4C42-869E-7B2F17D354AC} = {591930F0-539B-4E62-85E8-1A88D29CCC9E}
		{B05126E4-E09D-47FB-8CD0-C2A7D5A6D72D} = {591930F0-539B-4E62-85E8-1A88D29CCC9E}
		{9DB2F292-8034-4E06-89AD-98BBDA4306B9} = {591930F0-539B-4E62-85E8-1A88D29CCC9E}
		{B61B66A3-B82D-4875-8001-89D3394FE0C9} = {7B508485-E25E-490C-B961-9F8C4E7ED386}
		{F6E08495-1F4D-4497-BB2D-4A0A78FF49CB} = {4A0F9058-56F4-4FC3-9441-CF1BB35F418B}
		{E6C50355-D01E-4CAA-884D-D7929861315C} = {4A0F9058-56F4-4FC3-9441-CF1BB35F418B}
		{79EBB8F1-5D80-4EA1-9100-EBDC1EC51CB7} = {4A0F9058-56F4-4FC3-9441-CF1BB35F418B}
	EndGlobalSection
EndGlobal
